
Microsoft Visual Studio Solution File, Format Version 12.00
# Visual Studio Version 17
VisualStudioVersion = 17.14.36310.24 d17.14
MinimumVisualStudioVersion = 10.0.40219.1
Project("{FAE04EC0-301F-11D3-BF4B-00C04F79EFBC}") = "BookingSystem.Domain", "Domain\BookingSystem.Domain\BookingSystem.Domain.csproj", "{0C1D22FC-16DD-4244-BE73-3B6B20CA55E6}"
EndProject
Project("{FAE04EC0-301F-11D3-BF4B-00C04F79EFBC}") = "BookingSystem.Infrastructure", "Infrastructure\BookingSystem.Infrastructure\BookingSystem.Infrastructure.csproj", "{508C356B-CAEC-47D0-8E4E-38B1D21A1626}"
EndProject
Global
	GlobalSection(SolutionConfigurationPlatforms) = preSolution
		Debug|Any CPU = Debug|Any CPU
		Release|Any CPU = Release|Any CPU
	EndGlobalSection
	GlobalSection(ProjectConfigurationPlatforms) = postSolution
		{0C1D22FC-16DD-4244-BE73-3B6B20CA55E6}.Debug|Any CPU.ActiveCfg = Debug|Any CPU
		{0C1D22FC-16DD-4244-BE73-3B6B20CA55E6}.Debug|Any CPU.Build.0 = Debug|Any CPU
		{0C1D22FC-16DD-4244-BE73-3B6B20CA55E6}.Release|Any CPU.ActiveCfg = Release|Any CPU
		{0C1D22FC-16DD-4244-BE73-3B6B20CA55E6}.Release|Any CPU.Build.0 = Release|Any CPU
		{508C356B-CAEC-47D0-8E4E-38B1D21A1626}.Debug|Any CPU.ActiveCfg = Debug|Any CPU
		{508C356B-CAEC-47D0-8E4E-38B1D21A1626}.Debug|Any CPU.Build.0 = Debug|Any CPU
		{508C356B-CAEC-47D0-8E4E-38B1D21A1626}.Release|Any CPU.ActiveCfg = Release|Any CPU
		{508C356B-CAEC-47D0-8E4E-38B1D21A1626}.Release|Any CPU.Build.0 = Release|Any CPU
	EndGlobalSection
	GlobalSection(SolutionProperties) = preSolution
		HideSolutionNode = FALSE
	EndGlobalSection
	GlobalSection(ExtensibilityGlobals) = postSolution
		SolutionGuid = {14A7AEF8-F251-4AE3-96B1-B909F89B8206}
	EndGlobalSection
EndGlobal
