
Microsoft Visual Studio Solution File, Format Version 12.00
# Visual Studio Version 18
VisualStudioVersion = 18.0.11217.181 d18.0
MinimumVisualStudioVersion = 10.0.40219.1
Project("{FAE04EC0-301F-11D3-BF4B-00C04F79EFBC}") = "BookingSystem.Domain", "Domain\BookingSystem.Domain\BookingSystem.Domain.csproj", "{0C1D22FC-16DD-4244-BE73-3B6B20CA55E6}"
EndProject
Project("{FAE04EC0-301F-11D3-BF4B-00C04F79EFBC}") = "BookingSystem.Infrastructure", "Infrastructure\BookingSystem.Infrastructure\BookingSystem.Infrastructure.csproj", "{508C356B-CAEC-47D0-8E4E-38B1D21A1626}"
EndProject
Project("{FAE04EC0-301F-11D3-BF4B-00C04F79EFBC}") = "BookingSystem.API", "API\BookingSystem.API\BookingSystem.API.csproj", "{401A34CE-AC20-49BF-B48F-6F2E9224D428}"
EndProject
Project("{FAE04EC0-301F-11D3-BF4B-00C04F79EFBC}") = "BookingSystem.Client", "Client\BookingSystem.Client\BookingSystem.Client\BookingSystem.Client.csproj", "{B043FD26-6868-40A1-8498-FEE97F4FD8BD}"
EndProject
Global
	GlobalSection(SolutionConfigurationPlatforms) = preSolution
		Debug|Any CPU = Debug|Any CPU
		Release|Any CPU = Release|Any CPU
	EndGlobalSection
	GlobalSection(ProjectConfigurationPlatforms) = postSolution
		{0C1D22FC-16DD-4244-BE73-3B6B20CA55E6}.Debug|Any CPU.ActiveCfg = Debug|Any CPU
		{0C1D22FC-16DD-4244-BE73-3B6B20CA55E6}.Debug|Any CPU.Build.0 = Debug|Any CPU
		{0C1D22FC-16DD-4244-BE73-3B6B20CA55E6}.Release|Any CPU.ActiveCfg = Release|Any CPU
		{0C1D22FC-16DD-4244-BE73-3B6B20CA55E6}.Release|Any CPU.Build.0 = Release|Any CPU
		{508C356B-CAEC-47D0-8E4E-38B1D21A1626}.Debug|Any CPU.ActiveCfg = Debug|Any CPU
		{508C356B-CAEC-47D0-8E4E-38B1D21A1626}.Debug|Any CPU.Build.0 = Debug|Any CPU
		{508C356B-CAEC-47D0-8E4E-38B1D21A1626}.Release|Any CPU.ActiveCfg = Release|Any CPU
		{508C356B-CAEC-47D0-8E4E-38B1D21A1626}.Release|Any CPU.Build.0 = Release|Any CPU
		{401A34CE-AC20-49BF-B48F-6F2E9224D428}.Debug|Any CPU.ActiveCfg = Debug|Any CPU
		{401A34CE-AC20-49BF-B48F-6F2E9224D428}.Debug|Any CPU.Build.0 = Debug|Any CPU
		{401A34CE-AC20-49BF-B48F-6F2E9224D428}.Release|Any CPU.ActiveCfg = Release|Any CPU
		{401A34CE-AC20-49BF-B48F-6F2E9224D428}.Release|Any CPU.Build.0 = Release|Any CPU
		{B043FD26-6868-40A1-8498-FEE97F4FD8BD}.Debug|Any CPU.ActiveCfg = Debug|Any CPU
		{B043FD26-6868-40A1-8498-FEE97F4FD8BD}.Debug|Any CPU.Build.0 = Debug|Any CPU
		{B043FD26-6868-40A1-8498-FEE97F4FD8BD}.Release|Any CPU.ActiveCfg = Release|Any CPU
		{B043FD26-6868-40A1-8498-FEE97F4FD8BD}.Release|Any CPU.Build.0 = Release|Any CPU
	EndGlobalSection
	GlobalSection(SolutionProperties) = preSolution
		HideSolutionNode = FALSE
	EndGlobalSection
	GlobalSection(ExtensibilityGlobals) = postSolution
		SolutionGuid = {14A7AEF8-F251-4AE3-96B1-B909F89B8206}
	EndGlobalSection
EndGlobal
